
Microsoft Visual Studio Solution File, Format Version 12.00
# Visual Studio Version 17
VisualStudioVersion = 17.7.34024.191
MinimumVisualStudioVersion = 10.0.40219.1
Project("{9A19103F-16F7-4668-BE54-9A1E7A4F7556}") = "ManagementSystem", "ManagementSystem\ManagementSystem.csproj", "{84B92237-23F5-4713-84AF-513948D6EC0E}"
EndProject
Global
	GlobalSection(SolutionConfigurationPlatforms) = preSolution
		Debug|Any CPU = Debug|Any CPU
		Release|Any CPU = Release|Any CPU
	EndGlobalSection
	GlobalSection(ProjectConfigurationPlatforms) = postSolution
		{84B92237-23F5-4713-84AF-513948D6EC0E}.Debug|Any CPU.ActiveCfg = Debug|Any CPU
		{84B92237-23F5-4713-84AF-513948D6EC0E}.Debug|Any CPU.Build.0 = Debug|Any CPU
		{84B92237-23F5-4713-84AF-513948D6EC0E}.Release|Any CPU.ActiveCfg = Release|Any CPU
		{84B92237-23F5-4713-84AF-513948D6EC0E}.Release|Any CPU.Build.0 = Release|Any CPU
	EndGlobalSection
	GlobalSection(SolutionProperties) = preSolution
		HideSolutionNode = FALSE
	EndGlobalSection
	GlobalSection(ExtensibilityGlobals) = postSolution
		SolutionGuid = {C9B81A19-7ECC-4300-98B0-BAEB567A12FD}
	EndGlobalSection
EndGlobal
